// !$*UTF8*$!
{
	archiveVersion = 1;
	classes = {
	};
	objectVersion = 56;
	objects = {

/* Begin PBXBuildFile section */
		960BF9452BB8C3D400211B3F /* Map.cpp in Sources */ = {isa = PBXBuildFile; fileRef = 960BF9442BB8C3D400211B3F /* Map.cpp */; };
		96980C3B2BA3DDDA0089C8EE /* main.cpp in Sources */ = {isa = PBXBuildFile; fileRef = 96980C3A2BA3DDDA0089C8EE /* main.cpp */; };
		96980C462BA3DE680089C8EE /* ShaderProgram.cpp in Sources */ = {isa = PBXBuildFile; fileRef = 96980C432BA3DE670089C8EE /* ShaderProgram.cpp */; };
		96980C492BA3DEF90089C8EE /* Cocoa.framework in Frameworks */ = {isa = PBXBuildFile; fileRef = 96980C482BA3DEF90089C8EE /* Cocoa.framework */; };
		96980C4B2BA3DEFE0089C8EE /* OpenGL.framework in Frameworks */ = {isa = PBXBuildFile; fileRef = 96980C4A2BA3DEFE0089C8EE /* OpenGL.framework */; };
		96980C4F2BA3DF280089C8EE /* SDL2_image.framework in Frameworks */ = {isa = PBXBuildFile; fileRef = 96980C4C2BA3DF280089C8EE /* SDL2_image.framework */; };
		96980C502BA3DF280089C8EE /* SDL2_mixer.framework in Frameworks */ = {isa = PBXBuildFile; fileRef = 96980C4D2BA3DF280089C8EE /* SDL2_mixer.framework */; };
		96980C512BA3DF280089C8EE /* SDL2.framework in Frameworks */ = {isa = PBXBuildFile; fileRef = 96980C4E2BA3DF280089C8EE /* SDL2.framework */; };
		96980C522BA3DF480089C8EE /* shaders in CopyFiles */ = {isa = PBXBuildFile; fileRef = 96980C452BA3DE680089C8EE /* shaders */; };
		96980C562BA3E0990089C8EE /* Entity.cpp in Sources */ = {isa = PBXBuildFile; fileRef = 96980C552BA3E0990089C8EE /* Entity.cpp */; };
		96980C5A2BA3E35F0089C8EE /* assets in CopyFiles */ = {isa = PBXBuildFile; fileRef = 96980C582BA3E15E0089C8EE /* assets */; };
/* End PBXBuildFile section */

/* Begin PBXCopyFilesBuildPhase section */
		96980C352BA3DDDA0089C8EE /* CopyFiles */ = {
			isa = PBXCopyFilesBuildPhase;
			buildActionMask = 12;
			dstPath = "";
			dstSubfolderSpec = 6;
			files = (
				96980C522BA3DF480089C8EE /* shaders in CopyFiles */,
				96980C5A2BA3E35F0089C8EE /* assets in CopyFiles */,
			);
			runOnlyForDeploymentPostprocessing = 0;
		};
/* End PBXCopyFilesBuildPhase section */

/* Begin PBXFileReference section */
		960BF9442BB8C3D400211B3F /* Map.cpp */ = {isa = PBXFileReference; lastKnownFileType = sourcecode.cpp.cpp; path = Map.cpp; sourceTree = "<group>"; };
		960BF9462BB8C3EC00211B3F /* Map.h */ = {isa = PBXFileReference; lastKnownFileType = sourcecode.c.h; path = Map.h; sourceTree = "<group>"; };
		96980C372BA3DDDA0089C8EE /* Rise_of_the_AI */ = {isa = PBXFileReference; explicitFileType = "compiled.mach-o.executable"; includeInIndex = 0; path = Rise_of_the_AI; sourceTree = BUILT_PRODUCTS_DIR; };
		96980C3A2BA3DDDA0089C8EE /* main.cpp */ = {isa = PBXFileReference; lastKnownFileType = sourcecode.cpp.cpp; path = main.cpp; sourceTree = "<group>"; };
		96980C412BA3DE660089C8EE /* ShaderProgram.h */ = {isa = PBXFileReference; fileEncoding = 4; lastKnownFileType = sourcecode.c.h; path = ShaderProgram.h; sourceTree = "<group>"; };
		96980C422BA3DE670089C8EE /* glm */ = {isa = PBXFileReference; lastKnownFileType = folder; path = glm; sourceTree = "<group>"; };
		96980C432BA3DE670089C8EE /* ShaderProgram.cpp */ = {isa = PBXFileReference; fileEncoding = 4; lastKnownFileType = sourcecode.cpp.cpp; path = ShaderProgram.cpp; sourceTree = "<group>"; };
		96980C442BA3DE670089C8EE /* stb_image.h */ = {isa = PBXFileReference; fileEncoding = 4; lastKnownFileType = sourcecode.c.h; path = stb_image.h; sourceTree = "<group>"; };
		96980C452BA3DE680089C8EE /* shaders */ = {isa = PBXFileReference; lastKnownFileType = folder; path = shaders; sourceTree = "<group>"; };
		96980C482BA3DEF90089C8EE /* Cocoa.framework */ = {isa = PBXFileReference; lastKnownFileType = wrapper.framework; name = Cocoa.framework; path = System/Library/Frameworks/Cocoa.framework; sourceTree = SDKROOT; };
		96980C4A2BA3DEFE0089C8EE /* OpenGL.framework */ = {isa = PBXFileReference; lastKnownFileType = wrapper.framework; name = OpenGL.framework; path = System/Library/Frameworks/OpenGL.framework; sourceTree = SDKROOT; };
		96980C4C2BA3DF280089C8EE /* SDL2_image.framework */ = {isa = PBXFileReference; lastKnownFileType = wrapper.framework; name = SDL2_image.framework; path = ../../../../../../Library/Frameworks/SDL2_image.framework; sourceTree = "<group>"; };
		96980C4D2BA3DF280089C8EE /* SDL2_mixer.framework */ = {isa = PBXFileReference; lastKnownFileType = wrapper.framework; name = SDL2_mixer.framework; path = ../../../../../../Library/Frameworks/SDL2_mixer.framework; sourceTree = "<group>"; };
		96980C4E2BA3DF280089C8EE /* SDL2.framework */ = {isa = PBXFileReference; lastKnownFileType = wrapper.framework; name = SDL2.framework; path = ../../../../../../Library/Frameworks/SDL2.framework; sourceTree = "<group>"; };
		96980C542BA3E0730089C8EE /* Entity.h */ = {isa = PBXFileReference; lastKnownFileType = sourcecode.c.h; path = Entity.h; sourceTree = "<group>"; };
		96980C552BA3E0990089C8EE /* Entity.cpp */ = {isa = PBXFileReference; lastKnownFileType = sourcecode.cpp.cpp; path = Entity.cpp; sourceTree = "<group>"; };
		96980C572BA3E1470089C8EE /* assets */ = {isa = PBXFileReference; lastKnownFileType = folder; name = assets; path = Rise_of_the_AI/assets; sourceTree = "<group>"; };
		96980C582BA3E15E0089C8EE /* assets */ = {isa = PBXFileReference; lastKnownFileType = folder; path = assets; sourceTree = "<group>"; };
/* End PBXFileReference section */

/* Begin PBXFrameworksBuildPhase section */
		96980C342BA3DDDA0089C8EE /* Frameworks */ = {
			isa = PBXFrameworksBuildPhase;
			buildActionMask = 2147483647;
			files = (
				96980C4F2BA3DF280089C8EE /* SDL2_image.framework in Frameworks */,
				96980C502BA3DF280089C8EE /* SDL2_mixer.framework in Frameworks */,
				96980C512BA3DF280089C8EE /* SDL2.framework in Frameworks */,
				96980C4B2BA3DEFE0089C8EE /* OpenGL.framework in Frameworks */,
				96980C492BA3DEF90089C8EE /* Cocoa.framework in Frameworks */,
			);
			runOnlyForDeploymentPostprocessing = 0;
		};
/* End PBXFrameworksBuildPhase section */

/* Begin PBXGroup section */
		96980C2E2BA3DDDA0089C8EE = {
			isa = PBXGroup;
			children = (
				96980C392BA3DDDA0089C8EE /* Rise_of_the_AI */,
				96980C382BA3DDDA0089C8EE /* Products */,
				96980C472BA3DEF90089C8EE /* Frameworks */,
			);
			sourceTree = "<group>";
		};
		96980C382BA3DDDA0089C8EE /* Products */ = {
			isa = PBXGroup;
			children = (
				96980C372BA3DDDA0089C8EE /* Rise_of_the_AI */,
			);
			name = Products;
			sourceTree = "<group>";
		};
		96980C392BA3DDDA0089C8EE /* Rise_of_the_AI */ = {
			isa = PBXGroup;
			children = (
				96980C582BA3E15E0089C8EE /* assets */,
				96980C422BA3DE670089C8EE /* glm */,
				96980C432BA3DE670089C8EE /* ShaderProgram.cpp */,
				96980C412BA3DE660089C8EE /* ShaderProgram.h */,
				96980C452BA3DE680089C8EE /* shaders */,
				96980C442BA3DE670089C8EE /* stb_image.h */,
				96980C552BA3E0990089C8EE /* Entity.cpp */,
				96980C3A2BA3DDDA0089C8EE /* main.cpp */,
				96980C542BA3E0730089C8EE /* Entity.h */,
				960BF9462BB8C3EC00211B3F /* Map.h */,
				960BF9442BB8C3D400211B3F /* Map.cpp */,
			);
			path = Rise_of_the_AI;
			sourceTree = "<group>";
		};
		96980C472BA3DEF90089C8EE /* Frameworks */ = {
			isa = PBXGroup;
			children = (
				96980C572BA3E1470089C8EE /* assets */,
				96980C4C2BA3DF280089C8EE /* SDL2_image.framework */,
				96980C4D2BA3DF280089C8EE /* SDL2_mixer.framework */,
				96980C4E2BA3DF280089C8EE /* SDL2.framework */,
				96980C4A2BA3DEFE0089C8EE /* OpenGL.framework */,
				96980C482BA3DEF90089C8EE /* Cocoa.framework */,
			);
			name = Frameworks;
			sourceTree = "<group>";
		};
/* End PBXGroup section */

/* Begin PBXNativeTarget section */
		96980C362BA3DDDA0089C8EE /* Rise_of_the_AI */ = {
			isa = PBXNativeTarget;
			buildConfigurationList = 96980C3E2BA3DDDA0089C8EE /* Build configuration list for PBXNativeTarget "Rise_of_the_AI" */;
			buildPhases = (
				96980C332BA3DDDA0089C8EE /* Sources */,
				96980C342BA3DDDA0089C8EE /* Frameworks */,
				96980C352BA3DDDA0089C8EE /* CopyFiles */,
			);
			buildRules = (
			);
			dependencies = (
			);
			name = Rise_of_the_AI;
			productName = Rise_of_the_AI;
			productReference = 96980C372BA3DDDA0089C8EE /* Rise_of_the_AI */;
			productType = "com.apple.product-type.tool";
		};
/* End PBXNativeTarget section */

/* Begin PBXProject section */
		96980C2F2BA3DDDA0089C8EE /* Project object */ = {
			isa = PBXProject;
			attributes = {
				BuildIndependentTargetsInParallel = 1;
				LastUpgradeCheck = 1520;
				TargetAttributes = {
					96980C362BA3DDDA0089C8EE = {
						CreatedOnToolsVersion = 15.2;
					};
				};
			};
			buildConfigurationList = 96980C322BA3DDDA0089C8EE /* Build configuration list for PBXProject "Rise_of_the_AI" */;
			compatibilityVersion = "Xcode 14.0";
			developmentRegion = en;
			hasScannedForEncodings = 0;
			knownRegions = (
				en,
				Base,
			);
			mainGroup = 96980C2E2BA3DDDA0089C8EE;
			productRefGroup = 96980C382BA3DDDA0089C8EE /* Products */;
			projectDirPath = "";
			projectRoot = "";
			targets = (
				96980C362BA3DDDA0089C8EE /* Rise_of_the_AI */,
			);
		};
/* End PBXProject section */

/* Begin PBXSourcesBuildPhase section */
		96980C332BA3DDDA0089C8EE /* Sources */ = {
			isa = PBXSourcesBuildPhase;
			buildActionMask = 2147483647;
			files = (
				96980C3B2BA3DDDA0089C8EE /* main.cpp in Sources */,
				96980C562BA3E0990089C8EE /* Entity.cpp in Sources */,
				960BF9452BB8C3D400211B3F /* Map.cpp in Sources */,
				96980C462BA3DE680089C8EE /* ShaderProgram.cpp in Sources */,
			);
			runOnlyForDeploymentPostprocessing = 0;
		};
/* End PBXSourcesBuildPhase section */

/* Begin XCBuildConfiguration section */
		96980C3C2BA3DDDA0089C8EE /* Debug */ = {
			isa = XCBuildConfiguration;
			buildSettings = {
				ALWAYS_SEARCH_USER_PATHS = NO;
				ASSETCATALOG_COMPILER_GENERATE_SWIFT_ASSET_SYMBOL_EXTENSIONS = YES;
				CLANG_ANALYZER_NONNULL = YES;
				CLANG_ANALYZER_NUMBER_OBJECT_CONVERSION = YES_AGGRESSIVE;
				CLANG_CXX_LANGUAGE_STANDARD = "gnu++20";
				CLANG_ENABLE_MODULES = YES;
				CLANG_ENABLE_OBJC_ARC = YES;
				CLANG_ENABLE_OBJC_WEAK = YES;
				CLANG_WARN_BLOCK_CAPTURE_AUTORELEASING = YES;
				CLANG_WARN_BOOL_CONVERSION = YES;
				CLANG_WARN_COMMA = YES;
				CLANG_WARN_CONSTANT_CONVERSION = YES;
				CLANG_WARN_DEPRECATED_OBJC_IMPLEMENTATIONS = YES;
				CLANG_WARN_DIRECT_OBJC_ISA_USAGE = YES_ERROR;
				CLANG_WARN_DOCUMENTATION_COMMENTS = YES;
				CLANG_WARN_EMPTY_BODY = YES;
				CLANG_WARN_ENUM_CONVERSION = YES;
				CLANG_WARN_INFINITE_RECURSION = YES;
				CLANG_WARN_INT_CONVERSION = YES;
				CLANG_WARN_NON_LITERAL_NULL_CONVERSION = YES;
				CLANG_WARN_OBJC_IMPLICIT_RETAIN_SELF = YES;
				CLANG_WARN_OBJC_LITERAL_CONVERSION = YES;
				CLANG_WARN_OBJC_ROOT_CLASS = YES_ERROR;
				CLANG_WARN_QUOTED_INCLUDE_IN_FRAMEWORK_HEADER = YES;
				CLANG_WARN_RANGE_LOOP_ANALYSIS = YES;
				CLANG_WARN_STRICT_PROTOTYPES = YES;
				CLANG_WARN_SUSPICIOUS_MOVE = YES;
				CLANG_WARN_UNGUARDED_AVAILABILITY = YES_AGGRESSIVE;
				CLANG_WARN_UNREACHABLE_CODE = YES;
				CLANG_WARN__DUPLICATE_METHOD_MATCH = YES;
				COPY_PHASE_STRIP = NO;
				DEBUG_INFORMATION_FORMAT = dwarf;
				ENABLE_STRICT_OBJC_MSGSEND = YES;
				ENABLE_TESTABILITY = YES;
				ENABLE_USER_SCRIPT_SANDBOXING = YES;
				GCC_C_LANGUAGE_STANDARD = gnu17;
				GCC_DYNAMIC_NO_PIC = NO;
				GCC_NO_COMMON_BLOCKS = YES;
				GCC_OPTIMIZATION_LEVEL = 0;
				GCC_PREPROCESSOR_DEFINITIONS = (
					"DEBUG=1",
					"$(inherited)",
				);
				GCC_WARN_64_TO_32_BIT_CONVERSION = YES;
				GCC_WARN_ABOUT_RETURN_TYPE = YES_ERROR;
				GCC_WARN_UNDECLARED_SELECTOR = YES;
				GCC_WARN_UNINITIALIZED_AUTOS = YES_AGGRESSIVE;
				GCC_WARN_UNUSED_FUNCTION = YES;
				GCC_WARN_UNUSED_VARIABLE = YES;
				LOCALIZATION_PREFERS_STRING_CATALOGS = YES;
				MACOSX_DEPLOYMENT_TARGET = 14.1;
				MTL_ENABLE_DEBUG_INFO = INCLUDE_SOURCE;
				MTL_FAST_MATH = YES;
				ONLY_ACTIVE_ARCH = YES;
				SDKROOT = macosx;
			};
			name = Debug;
		};
		96980C3D2BA3DDDA0089C8EE /* Release */ = {
			isa = XCBuildConfiguration;
			buildSettings = {
				ALWAYS_SEARCH_USER_PATHS = NO;
				ASSETCATALOG_COMPILER_GENERATE_SWIFT_ASSET_SYMBOL_EXTENSIONS = YES;
				CLANG_ANALYZER_NONNULL = YES;
				CLANG_ANALYZER_NUMBER_OBJECT_CONVERSION = YES_AGGRESSIVE;
				CLANG_CXX_LANGUAGE_STANDARD = "gnu++20";
				CLANG_ENABLE_MODULES = YES;
				CLANG_ENABLE_OBJC_ARC = YES;
				CLANG_ENABLE_OBJC_WEAK = YES;
				CLANG_WARN_BLOCK_CAPTURE_AUTORELEASING = YES;
				CLANG_WARN_BOOL_CONVERSION = YES;
				CLANG_WARN_COMMA = YES;
				CLANG_WARN_CONSTANT_CONVERSION = YES;
				CLANG_WARN_DEPRECATED_OBJC_IMPLEMENTATIONS = YES;
				CLANG_WARN_DIRECT_OBJC_ISA_USAGE = YES_ERROR;
				CLANG_WARN_DOCUMENTATION_COMMENTS = YES;
				CLANG_WARN_EMPTY_BODY = YES;
				CLANG_WARN_ENUM_CONVERSION = YES;
				CLANG_WARN_INFINITE_RECURSION = YES;
				CLANG_WARN_INT_CONVERSION = YES;
				CLANG_WARN_NON_LITERAL_NULL_CONVERSION = YES;
				CLANG_WARN_OBJC_IMPLICIT_RETAIN_SELF = YES;
				CLANG_WARN_OBJC_LITERAL_CONVERSION = YES;
				CLANG_WARN_OBJC_ROOT_CLASS = YES_ERROR;
				CLANG_WARN_QUOTED_INCLUDE_IN_FRAMEWORK_HEADER = YES;
				CLANG_WARN_RANGE_LOOP_ANALYSIS = YES;
				CLANG_WARN_STRICT_PROTOTYPES = YES;
				CLANG_WARN_SUSPICIOUS_MOVE = YES;
				CLANG_WARN_UNGUARDED_AVAILABILITY = YES_AGGRESSIVE;
				CLANG_WARN_UNREACHABLE_CODE = YES;
				CLANG_WARN__DUPLICATE_METHOD_MATCH = YES;
				COPY_PHASE_STRIP = NO;
				DEBUG_INFORMATION_FORMAT = "dwarf-with-dsym";
				ENABLE_NS_ASSERTIONS = NO;
				ENABLE_STRICT_OBJC_MSGSEND = YES;
				ENABLE_USER_SCRIPT_SANDBOXING = YES;
				GCC_C_LANGUAGE_STANDARD = gnu17;
				GCC_NO_COMMON_BLOCKS = YES;
				GCC_WARN_64_TO_32_BIT_CONVERSION = YES;
				GCC_WARN_ABOUT_RETURN_TYPE = YES_ERROR;
				GCC_WARN_UNDECLARED_SELECTOR = YES;
				GCC_WARN_UNINITIALIZED_AUTOS = YES_AGGRESSIVE;
				GCC_WARN_UNUSED_FUNCTION = YES;
				GCC_WARN_UNUSED_VARIABLE = YES;
				LOCALIZATION_PREFERS_STRING_CATALOGS = YES;
				MACOSX_DEPLOYMENT_TARGET = 14.1;
				MTL_ENABLE_DEBUG_INFO = NO;
				MTL_FAST_MATH = YES;
				SDKROOT = macosx;
			};
			name = Release;
		};
		96980C3F2BA3DDDA0089C8EE /* Debug */ = {
			isa = XCBuildConfiguration;
			buildSettings = {
				CODE_SIGN_STYLE = Automatic;
				FRAMEWORK_SEARCH_PATHS = (
					"$(inherited)",
					"$(LOCAL_LIBRARY_DIR)/Frameworks",
				);
				HEADER_SEARCH_PATHS = (
					/Library/Frameworks/SDL2_image.framework/Versions/A/Headers,
					/Library/Frameworks/SDL2.framework/Versions/A/Headers,
					/Library/Frameworks/SDL2_mixer.framework/Versions/A/Headers,
				);
				PRODUCT_NAME = "$(TARGET_NAME)";
			};
			name = Debug;
		};
		96980C402BA3DDDA0089C8EE /* Release */ = {
			isa = XCBuildConfiguration;
			buildSettings = {
				CODE_SIGN_STYLE = Automatic;
				FRAMEWORK_SEARCH_PATHS = (
					"$(inherited)",
					"$(LOCAL_LIBRARY_DIR)/Frameworks",
				);
				HEADER_SEARCH_PATHS = (
					/Library/Frameworks/SDL2_image.framework/Versions/A/Headers,
					/Library/Frameworks/SDL2.framework/Versions/A/Headers,
					/Library/Frameworks/SDL2_mixer.framework/Versions/A/Headers,
				);
				PRODUCT_NAME = "$(TARGET_NAME)";
			};
			name = Release;
		};
/* End XCBuildConfiguration section */

/* Begin XCConfigurationList section */
		96980C322BA3DDDA0089C8EE /* Build configuration list for PBXProject "Rise_of_the_AI" */ = {
			isa = XCConfigurationList;
			buildConfigurations = (
				96980C3C2BA3DDDA0089C8EE /* Debug */,
				96980C3D2BA3DDDA0089C8EE /* Release */,
			);
			defaultConfigurationIsVisible = 0;
			defaultConfigurationName = Release;
		};
		96980C3E2BA3DDDA0089C8EE /* Build configuration list for PBXNativeTarget "Rise_of_the_AI" */ = {
			isa = XCConfigurationList;
			buildConfigurations = (
				96980C3F2BA3DDDA0089C8EE /* Debug */,
				96980C402BA3DDDA0089C8EE /* Release */,
			);
			defaultConfigurationIsVisible = 0;
			defaultConfigurationName = Release;
		};
/* End XCConfigurationList section */
	};
	rootObject = 96980C2F2BA3DDDA0089C8EE /* Project object */;
}
