// !$*UTF8*$!
{
	archiveVersion = 1;
	classes = {
	};
	objectVersion = 56;
	objects = {

/* Begin PBXBuildFile section */
		96980C0F2B9772AD0089C8EE /* main.cpp in Sources */ = {isa = PBXBuildFile; fileRef = 96980C0E2B9772AD0089C8EE /* main.cpp */; };
		96980C1A2B97734F0089C8EE /* ShaderProgram.cpp in Sources */ = {isa = PBXBuildFile; fileRef = 96980C182B97734F0089C8EE /* ShaderProgram.cpp */; };
		96980C1D2B9773C70089C8EE /* OpenGL.framework in Frameworks */ = {isa = PBXBuildFile; fileRef = 96980C1C2B9773C70089C8EE /* OpenGL.framework */; };
		96980C1F2B9773CB0089C8EE /* Cocoa.framework in Frameworks */ = {isa = PBXBuildFile; fileRef = 96980C1E2B9773CB0089C8EE /* Cocoa.framework */; };
		96980C232B9773E70089C8EE /* SDL2.framework in Frameworks */ = {isa = PBXBuildFile; fileRef = 96980C202B9773E70089C8EE /* SDL2.framework */; };
		96980C242B9773E70089C8EE /* SDL2_image.framework in Frameworks */ = {isa = PBXBuildFile; fileRef = 96980C212B9773E70089C8EE /* SDL2_image.framework */; };
		96980C252B9773E70089C8EE /* SDL2_mixer.framework in Frameworks */ = {isa = PBXBuildFile; fileRef = 96980C222B9773E70089C8EE /* SDL2_mixer.framework */; };
		96980C262B9774050089C8EE /* shaders in CopyFiles */ = {isa = PBXBuildFile; fileRef = 96980C192B97734F0089C8EE /* shaders */; };
		96980C2B2B97750B0089C8EE /* Entity.cpp in Sources */ = {isa = PBXBuildFile; fileRef = 96980C292B97750B0089C8EE /* Entity.cpp */; };
		96980C2D2B9E379B0089C8EE /* assets in CopyFiles */ = {isa = PBXBuildFile; fileRef = 96980C272B97742D0089C8EE /* assets */; };
/* End PBXBuildFile section */

/* Begin PBXCopyFilesBuildPhase section */
		96980C092B9772AD0089C8EE /* CopyFiles */ = {
			isa = PBXCopyFilesBuildPhase;
			buildActionMask = 12;
			dstPath = "";
			dstSubfolderSpec = 6;
			files = (
				96980C262B9774050089C8EE /* shaders in CopyFiles */,
				96980C2D2B9E379B0089C8EE /* assets in CopyFiles */,
			);
			runOnlyForDeploymentPostprocessing = 0;
		};
/* End PBXCopyFilesBuildPhase section */

/* Begin PBXFileReference section */
		96980C0B2B9772AD0089C8EE /* Lunar_lander */ = {isa = PBXFileReference; explicitFileType = "compiled.mach-o.executable"; includeInIndex = 0; path = Lunar_lander; sourceTree = BUILT_PRODUCTS_DIR; };
		96980C0E2B9772AD0089C8EE /* main.cpp */ = {isa = PBXFileReference; lastKnownFileType = sourcecode.cpp.cpp; path = main.cpp; sourceTree = "<group>"; };
		96980C152B97734F0089C8EE /* stb_image.h */ = {isa = PBXFileReference; fileEncoding = 4; lastKnownFileType = sourcecode.c.h; path = stb_image.h; sourceTree = "<group>"; };
		96980C162B97734F0089C8EE /* glm */ = {isa = PBXFileReference; lastKnownFileType = folder; path = glm; sourceTree = "<group>"; };
		96980C172B97734F0089C8EE /* ShaderProgram.h */ = {isa = PBXFileReference; fileEncoding = 4; lastKnownFileType = sourcecode.c.h; path = ShaderProgram.h; sourceTree = "<group>"; };
		96980C182B97734F0089C8EE /* ShaderProgram.cpp */ = {isa = PBXFileReference; fileEncoding = 4; lastKnownFileType = sourcecode.cpp.cpp; path = ShaderProgram.cpp; sourceTree = "<group>"; };
		96980C192B97734F0089C8EE /* shaders */ = {isa = PBXFileReference; lastKnownFileType = folder; path = shaders; sourceTree = "<group>"; };
		96980C1C2B9773C70089C8EE /* OpenGL.framework */ = {isa = PBXFileReference; lastKnownFileType = wrapper.framework; name = OpenGL.framework; path = System/Library/Frameworks/OpenGL.framework; sourceTree = SDKROOT; };
		96980C1E2B9773CB0089C8EE /* Cocoa.framework */ = {isa = PBXFileReference; lastKnownFileType = wrapper.framework; name = Cocoa.framework; path = System/Library/Frameworks/Cocoa.framework; sourceTree = SDKROOT; };
		96980C202B9773E70089C8EE /* SDL2.framework */ = {isa = PBXFileReference; lastKnownFileType = wrapper.framework; name = SDL2.framework; path = ../../../../../../Library/Frameworks/SDL2.framework; sourceTree = "<group>"; };
		96980C212B9773E70089C8EE /* SDL2_image.framework */ = {isa = PBXFileReference; lastKnownFileType = wrapper.framework; name = SDL2_image.framework; path = ../../../../../../Library/Frameworks/SDL2_image.framework; sourceTree = "<group>"; };
		96980C222B9773E70089C8EE /* SDL2_mixer.framework */ = {isa = PBXFileReference; lastKnownFileType = wrapper.framework; name = SDL2_mixer.framework; path = ../../../../../../Library/Frameworks/SDL2_mixer.framework; sourceTree = "<group>"; };
		96980C272B97742D0089C8EE /* assets */ = {isa = PBXFileReference; lastKnownFileType = folder; path = assets; sourceTree = "<group>"; };
		96980C292B97750B0089C8EE /* Entity.cpp */ = {isa = PBXFileReference; lastKnownFileType = sourcecode.cpp.cpp; path = Entity.cpp; sourceTree = "<group>"; };
		96980C2A2B97750B0089C8EE /* Entity.hpp */ = {isa = PBXFileReference; lastKnownFileType = sourcecode.cpp.h; path = Entity.hpp; sourceTree = "<group>"; };
/* End PBXFileReference section */

/* Begin PBXFrameworksBuildPhase section */
		96980C082B9772AD0089C8EE /* Frameworks */ = {
			isa = PBXFrameworksBuildPhase;
			buildActionMask = 2147483647;
			files = (
				96980C232B9773E70089C8EE /* SDL2.framework in Frameworks */,
				96980C242B9773E70089C8EE /* SDL2_image.framework in Frameworks */,
				96980C252B9773E70089C8EE /* SDL2_mixer.framework in Frameworks */,
				96980C1F2B9773CB0089C8EE /* Cocoa.framework in Frameworks */,
				96980C1D2B9773C70089C8EE /* OpenGL.framework in Frameworks */,
			);
			runOnlyForDeploymentPostprocessing = 0;
		};
/* End PBXFrameworksBuildPhase section */

/* Begin PBXGroup section */
		96980C022B9772AD0089C8EE = {
			isa = PBXGroup;
			children = (
				96980C0D2B9772AD0089C8EE /* Lunar_lander */,
				96980C0C2B9772AD0089C8EE /* Products */,
				96980C1B2B9773C70089C8EE /* Frameworks */,
			);
			sourceTree = "<group>";
		};
		96980C0C2B9772AD0089C8EE /* Products */ = {
			isa = PBXGroup;
			children = (
				96980C0B2B9772AD0089C8EE /* Lunar_lander */,
			);
			name = Products;
			sourceTree = "<group>";
		};
		96980C0D2B9772AD0089C8EE /* Lunar_lander */ = {
			isa = PBXGroup;
			children = (
				96980C272B97742D0089C8EE /* assets */,
				96980C162B97734F0089C8EE /* glm */,
				96980C182B97734F0089C8EE /* ShaderProgram.cpp */,
				96980C172B97734F0089C8EE /* ShaderProgram.h */,
				96980C192B97734F0089C8EE /* shaders */,
				96980C152B97734F0089C8EE /* stb_image.h */,
				96980C0E2B9772AD0089C8EE /* main.cpp */,
				96980C292B97750B0089C8EE /* Entity.cpp */,
				96980C2A2B97750B0089C8EE /* Entity.hpp */,
			);
			path = Lunar_lander;
			sourceTree = "<group>";
		};
		96980C1B2B9773C70089C8EE /* Frameworks */ = {
			isa = PBXGroup;
			children = (
				96980C212B9773E70089C8EE /* SDL2_image.framework */,
				96980C222B9773E70089C8EE /* SDL2_mixer.framework */,
				96980C202B9773E70089C8EE /* SDL2.framework */,
				96980C1E2B9773CB0089C8EE /* Cocoa.framework */,
				96980C1C2B9773C70089C8EE /* OpenGL.framework */,
			);
			name = Frameworks;
			sourceTree = "<group>";
		};
/* End PBXGroup section */

/* Begin PBXNativeTarget section */
		96980C0A2B9772AD0089C8EE /* Lunar_lander */ = {
			isa = PBXNativeTarget;
			buildConfigurationList = 96980C122B9772AD0089C8EE /* Build configuration list for PBXNativeTarget "Lunar_lander" */;
			buildPhases = (
				96980C072B9772AD0089C8EE /* Sources */,
				96980C082B9772AD0089C8EE /* Frameworks */,
				96980C092B9772AD0089C8EE /* CopyFiles */,
			);
			buildRules = (
			);
			dependencies = (
			);
			name = Lunar_lander;
			productName = Lunar_lander;
			productReference = 96980C0B2B9772AD0089C8EE /* Lunar_lander */;
			productType = "com.apple.product-type.tool";
		};
/* End PBXNativeTarget section */

/* Begin PBXProject section */
		96980C032B9772AD0089C8EE /* Project object */ = {
			isa = PBXProject;
			attributes = {
				BuildIndependentTargetsInParallel = 1;
				LastUpgradeCheck = 1520;
				TargetAttributes = {
					96980C0A2B9772AD0089C8EE = {
						CreatedOnToolsVersion = 15.2;
					};
				};
			};
			buildConfigurationList = 96980C062B9772AD0089C8EE /* Build configuration list for PBXProject "Lunar_lander" */;
			compatibilityVersion = "Xcode 14.0";
			developmentRegion = en;
			hasScannedForEncodings = 0;
			knownRegions = (
				en,
				Base,
			);
			mainGroup = 96980C022B9772AD0089C8EE;
			productRefGroup = 96980C0C2B9772AD0089C8EE /* Products */;
			projectDirPath = "";
			projectRoot = "";
			targets = (
				96980C0A2B9772AD0089C8EE /* Lunar_lander */,
			);
		};
/* End PBXProject section */

/* Begin PBXSourcesBuildPhase section */
		96980C072B9772AD0089C8EE /* Sources */ = {
			isa = PBXSourcesBuildPhase;
			buildActionMask = 2147483647;
			files = (
				96980C0F2B9772AD0089C8EE /* main.cpp in Sources */,
				96980C2B2B97750B0089C8EE /* Entity.cpp in Sources */,
				96980C1A2B97734F0089C8EE /* ShaderProgram.cpp in Sources */,
			);
			runOnlyForDeploymentPostprocessing = 0;
		};
/* End PBXSourcesBuildPhase section */

/* Begin XCBuildConfiguration section */
		96980C102B9772AD0089C8EE /* Debug */ = {
			isa = XCBuildConfiguration;
			buildSettings = {
				ALWAYS_SEARCH_USER_PATHS = NO;
				ASSETCATALOG_COMPILER_GENERATE_SWIFT_ASSET_SYMBOL_EXTENSIONS = YES;
				CLANG_ANALYZER_NONNULL = YES;
				CLANG_ANALYZER_NUMBER_OBJECT_CONVERSION = YES_AGGRESSIVE;
				CLANG_CXX_LANGUAGE_STANDARD = "gnu++20";
				CLANG_ENABLE_MODULES = YES;
				CLANG_ENABLE_OBJC_ARC = YES;
				CLANG_ENABLE_OBJC_WEAK = YES;
				CLANG_WARN_BLOCK_CAPTURE_AUTORELEASING = YES;
				CLANG_WARN_BOOL_CONVERSION = YES;
				CLANG_WARN_COMMA = YES;
				CLANG_WARN_CONSTANT_CONVERSION = YES;
				CLANG_WARN_DEPRECATED_OBJC_IMPLEMENTATIONS = YES;
				CLANG_WARN_DIRECT_OBJC_ISA_USAGE = YES_ERROR;
				CLANG_WARN_DOCUMENTATION_COMMENTS = YES;
				CLANG_WARN_EMPTY_BODY = YES;
				CLANG_WARN_ENUM_CONVERSION = YES;
				CLANG_WARN_INFINITE_RECURSION = YES;
				CLANG_WARN_INT_CONVERSION = YES;
				CLANG_WARN_NON_LITERAL_NULL_CONVERSION = YES;
				CLANG_WARN_OBJC_IMPLICIT_RETAIN_SELF = YES;
				CLANG_WARN_OBJC_LITERAL_CONVERSION = YES;
				CLANG_WARN_OBJC_ROOT_CLASS = YES_ERROR;
				CLANG_WARN_QUOTED_INCLUDE_IN_FRAMEWORK_HEADER = YES;
				CLANG_WARN_RANGE_LOOP_ANALYSIS = YES;
				CLANG_WARN_STRICT_PROTOTYPES = YES;
				CLANG_WARN_SUSPICIOUS_MOVE = YES;
				CLANG_WARN_UNGUARDED_AVAILABILITY = YES_AGGRESSIVE;
				CLANG_WARN_UNREACHABLE_CODE = YES;
				CLANG_WARN__DUPLICATE_METHOD_MATCH = YES;
				COPY_PHASE_STRIP = NO;
				DEBUG_INFORMATION_FORMAT = dwarf;
				ENABLE_STRICT_OBJC_MSGSEND = YES;
				ENABLE_TESTABILITY = YES;
				ENABLE_USER_SCRIPT_SANDBOXING = YES;
				GCC_C_LANGUAGE_STANDARD = gnu17;
				GCC_DYNAMIC_NO_PIC = NO;
				GCC_NO_COMMON_BLOCKS = YES;
				GCC_OPTIMIZATION_LEVEL = 0;
				GCC_PREPROCESSOR_DEFINITIONS = (
					"DEBUG=1",
					"$(inherited)",
				);
				GCC_WARN_64_TO_32_BIT_CONVERSION = YES;
				GCC_WARN_ABOUT_RETURN_TYPE = YES_ERROR;
				GCC_WARN_UNDECLARED_SELECTOR = YES;
				GCC_WARN_UNINITIALIZED_AUTOS = YES_AGGRESSIVE;
				GCC_WARN_UNUSED_FUNCTION = YES;
				GCC_WARN_UNUSED_VARIABLE = YES;
				LOCALIZATION_PREFERS_STRING_CATALOGS = YES;
				MACOSX_DEPLOYMENT_TARGET = 14.1;
				MTL_ENABLE_DEBUG_INFO = INCLUDE_SOURCE;
				MTL_FAST_MATH = YES;
				ONLY_ACTIVE_ARCH = YES;
				SDKROOT = macosx;
			};
			name = Debug;
		};
		96980C112B9772AD0089C8EE /* Release */ = {
			isa = XCBuildConfiguration;
			buildSettings = {
				ALWAYS_SEARCH_USER_PATHS = NO;
				ASSETCATALOG_COMPILER_GENERATE_SWIFT_ASSET_SYMBOL_EXTENSIONS = YES;
				CLANG_ANALYZER_NONNULL = YES;
				CLANG_ANALYZER_NUMBER_OBJECT_CONVERSION = YES_AGGRESSIVE;
				CLANG_CXX_LANGUAGE_STANDARD = "gnu++20";
				CLANG_ENABLE_MODULES = YES;
				CLANG_ENABLE_OBJC_ARC = YES;
				CLANG_ENABLE_OBJC_WEAK = YES;
				CLANG_WARN_BLOCK_CAPTURE_AUTORELEASING = YES;
				CLANG_WARN_BOOL_CONVERSION = YES;
				CLANG_WARN_COMMA = YES;
				CLANG_WARN_CONSTANT_CONVERSION = YES;
				CLANG_WARN_DEPRECATED_OBJC_IMPLEMENTATIONS = YES;
				CLANG_WARN_DIRECT_OBJC_ISA_USAGE = YES_ERROR;
				CLANG_WARN_DOCUMENTATION_COMMENTS = YES;
				CLANG_WARN_EMPTY_BODY = YES;
				CLANG_WARN_ENUM_CONVERSION = YES;
				CLANG_WARN_INFINITE_RECURSION = YES;
				CLANG_WARN_INT_CONVERSION = YES;
				CLANG_WARN_NON_LITERAL_NULL_CONVERSION = YES;
				CLANG_WARN_OBJC_IMPLICIT_RETAIN_SELF = YES;
				CLANG_WARN_OBJC_LITERAL_CONVERSION = YES;
				CLANG_WARN_OBJC_ROOT_CLASS = YES_ERROR;
				CLANG_WARN_QUOTED_INCLUDE_IN_FRAMEWORK_HEADER = YES;
				CLANG_WARN_RANGE_LOOP_ANALYSIS = YES;
				CLANG_WARN_STRICT_PROTOTYPES = YES;
				CLANG_WARN_SUSPICIOUS_MOVE = YES;
				CLANG_WARN_UNGUARDED_AVAILABILITY = YES_AGGRESSIVE;
				CLANG_WARN_UNREACHABLE_CODE = YES;
				CLANG_WARN__DUPLICATE_METHOD_MATCH = YES;
				COPY_PHASE_STRIP = NO;
				DEBUG_INFORMATION_FORMAT = "dwarf-with-dsym";
				ENABLE_NS_ASSERTIONS = NO;
				ENABLE_STRICT_OBJC_MSGSEND = YES;
				ENABLE_USER_SCRIPT_SANDBOXING = YES;
				GCC_C_LANGUAGE_STANDARD = gnu17;
				GCC_NO_COMMON_BLOCKS = YES;
				GCC_WARN_64_TO_32_BIT_CONVERSION = YES;
				GCC_WARN_ABOUT_RETURN_TYPE = YES_ERROR;
				GCC_WARN_UNDECLARED_SELECTOR = YES;
				GCC_WARN_UNINITIALIZED_AUTOS = YES_AGGRESSIVE;
				GCC_WARN_UNUSED_FUNCTION = YES;
				GCC_WARN_UNUSED_VARIABLE = YES;
				LOCALIZATION_PREFERS_STRING_CATALOGS = YES;
				MACOSX_DEPLOYMENT_TARGET = 14.1;
				MTL_ENABLE_DEBUG_INFO = NO;
				MTL_FAST_MATH = YES;
				SDKROOT = macosx;
			};
			name = Release;
		};
		96980C132B9772AD0089C8EE /* Debug */ = {
			isa = XCBuildConfiguration;
			buildSettings = {
				CODE_SIGN_STYLE = Automatic;
				FRAMEWORK_SEARCH_PATHS = (
					"$(inherited)",
					"$(LOCAL_LIBRARY_DIR)/Frameworks",
				);
				"HEADER_SEARCH_PATHS[arch=*]" = (
					/Library/Frameworks/SDL2_image.framework/Versions/A/Headers,
					/Library/Frameworks/SDL2.framework/Versions/A/Headers,
				);
				PRODUCT_NAME = "$(TARGET_NAME)";
			};
			name = Debug;
		};
		96980C142B9772AD0089C8EE /* Release */ = {
			isa = XCBuildConfiguration;
			buildSettings = {
				CODE_SIGN_STYLE = Automatic;
				FRAMEWORK_SEARCH_PATHS = (
					"$(inherited)",
					"$(LOCAL_LIBRARY_DIR)/Frameworks",
				);
				PRODUCT_NAME = "$(TARGET_NAME)";
			};
			name = Release;
		};
/* End XCBuildConfiguration section */

/* Begin XCConfigurationList section */
		96980C062B9772AD0089C8EE /* Build configuration list for PBXProject "Lunar_lander" */ = {
			isa = XCConfigurationList;
			buildConfigurations = (
				96980C102B9772AD0089C8EE /* Debug */,
				96980C112B9772AD0089C8EE /* Release */,
			);
			defaultConfigurationIsVisible = 0;
			defaultConfigurationName = Release;
		};
		96980C122B9772AD0089C8EE /* Build configuration list for PBXNativeTarget "Lunar_lander" */ = {
			isa = XCConfigurationList;
			buildConfigurations = (
				96980C132B9772AD0089C8EE /* Debug */,
				96980C142B9772AD0089C8EE /* Release */,
			);
			defaultConfigurationIsVisible = 0;
			defaultConfigurationName = Release;
		};
/* End XCConfigurationList section */
	};
	rootObject = 96980C032B9772AD0089C8EE /* Project object */;
}
